// !$*UTF8*$!
{
	archiveVersion = 1;
	classes = {
	};
	objectVersion = 48;
	objects = {

/* Begin PBXBuildFile section */
		438D38075D222C443F3BD6CA /* Pods_554052_ZorgVoorHetHart.framework in Frameworks */ = {isa = PBXBuildFile; fileRef = 853732A528248DCE53234453 /* Pods_554052_ZorgVoorHetHart.framework */; };
		900239FE1FBC93A600DFCD23 /* UIColorExtension.swift in Sources */ = {isa = PBXBuildFile; fileRef = 900239FD1FBC93A600DFCD23 /* UIColorExtension.swift */; };
		90023A001FBC9EDC00DFCD23 /* MyLoginViewController.swift in Sources */ = {isa = PBXBuildFile; fileRef = 900239FF1FBC9EDC00DFCD23 /* MyLoginViewController.swift */; };
		90023A021FBC9F8F00DFCD23 /* MyRegisterStep2ViewController.swift in Sources */ = {isa = PBXBuildFile; fileRef = 90023A011FBC9F8F00DFCD23 /* MyRegisterStep2ViewController.swift */; };
		90023A041FBC9FC700DFCD23 /* MyRegisterStep1ViewController.swift in Sources */ = {isa = PBXBuildFile; fileRef = 90023A031FBC9FC600DFCD23 /* MyRegisterStep1ViewController.swift */; };
		90023A061FBCA9F100DFCD23 /* CheckboxHelper.swift in Sources */ = {isa = PBXBuildFile; fileRef = 90023A051FBCA9F100DFCD23 /* CheckboxHelper.swift */; };
		90023A081FBCD0D000DFCD23 /* RadioButtonHelper.swift in Sources */ = {isa = PBXBuildFile; fileRef = 90023A071FBCD0D000DFCD23 /* RadioButtonHelper.swift */; };
		90088C711FC3074E003997B9 /* MyMeasurementHomeViewController.swift in Sources */ = {isa = PBXBuildFile; fileRef = 90088C701FC3074E003997B9 /* MyMeasurementHomeViewController.swift */; };
		90088C761FC30870003997B9 /* MyTabBarController.swift in Sources */ = {isa = PBXBuildFile; fileRef = 90088C751FC30870003997B9 /* MyTabBarController.swift */; };
		902938801FCA08D200785E17 /* MyNewMeasurementStep1ViewController.swift in Sources */ = {isa = PBXBuildFile; fileRef = 9029387F1FCA08D200785E17 /* MyNewMeasurementStep1ViewController.swift */; };
		9065C5311FC22BDD00760062 /* MyRegisterFinishedViewController.swift in Sources */ = {isa = PBXBuildFile; fileRef = 9065C5301FC22BDD00760062 /* MyRegisterFinishedViewController.swift */; };
		90812AF41FBA444E00292F18 /* AppDelegate.swift in Sources */ = {isa = PBXBuildFile; fileRef = 90812AF31FBA444E00292F18 /* AppDelegate.swift */; };
		90812AF91FBA444E00292F18 /* Main.storyboard in Resources */ = {isa = PBXBuildFile; fileRef = 90812AF71FBA444E00292F18 /* Main.storyboard */; };
		90812AFB1FBA444E00292F18 /* Assets.xcassets in Resources */ = {isa = PBXBuildFile; fileRef = 90812AFA1FBA444E00292F18 /* Assets.xcassets */; };
		90812AFE1FBA444E00292F18 /* LaunchScreen.storyboard in Resources */ = {isa = PBXBuildFile; fileRef = 90812AFC1FBA444E00292F18 /* LaunchScreen.storyboard */; };
		90812B091FBA444E00292F18 /* _54052_ZorgVoorHetHartTests.swift in Sources */ = {isa = PBXBuildFile; fileRef = 90812B081FBA444E00292F18 /* _54052_ZorgVoorHetHartTests.swift */; };
		90812B141FBA444E00292F18 /* _54052_ZorgVoorHetHartUITests.swift in Sources */ = {isa = PBXBuildFile; fileRef = 90812B131FBA444E00292F18 /* _54052_ZorgVoorHetHartUITests.swift */; };
		90812B281FBA56A900292F18 /* MyRegisterOrLoginViewController.swift in Sources */ = {isa = PBXBuildFile; fileRef = 90812B271FBA56A900292F18 /* MyRegisterOrLoginViewController.swift */; };
		90C953151FC743EA001FD3C2 /* MyMeasurementsDiaryHomeViewController.swift in Sources */ = {isa = PBXBuildFile; fileRef = 90C953141FC743E9001FD3C2 /* MyMeasurementsDiaryHomeViewController.swift */; };
		90C953171FC74454001FD3C2 /* MyContactHomeViewController.swift in Sources */ = {isa = PBXBuildFile; fileRef = 90C953161FC74454001FD3C2 /* MyContactHomeViewController.swift */; };
		90C953191FC7447B001FD3C2 /* MyServiceHomeViewController.swift in Sources */ = {isa = PBXBuildFile; fileRef = 90C953181FC7447B001FD3C2 /* MyServiceHomeViewController.swift */; };
		D3AC3ACF9E3F96F9BED59469 /* Pods_554052_ZorgVoorHetHartUITests.framework in Frameworks */ = {isa = PBXBuildFile; fileRef = BE40E8BA03BF932D40C8FCF7 /* Pods_554052_ZorgVoorHetHartUITests.framework */; };
		EB76D1458FA2DFF0F6AAF29F /* Pods_554052_ZorgVoorHetHartTests.framework in Frameworks */ = {isa = PBXBuildFile; fileRef = 6B5A51588CB190E62BAD77D9 /* Pods_554052_ZorgVoorHetHartTests.framework */; };
/* End PBXBuildFile section */

/* Begin PBXContainerItemProxy section */
		90812B051FBA444E00292F18 /* PBXContainerItemProxy */ = {
			isa = PBXContainerItemProxy;
			containerPortal = 90812AE81FBA444D00292F18 /* Project object */;
			proxyType = 1;
			remoteGlobalIDString = 90812AEF1FBA444D00292F18;
			remoteInfo = 554052_ZorgVoorHetHart;
		};
		90812B101FBA444E00292F18 /* PBXContainerItemProxy */ = {
			isa = PBXContainerItemProxy;
			containerPortal = 90812AE81FBA444D00292F18 /* Project object */;
			proxyType = 1;
			remoteGlobalIDString = 90812AEF1FBA444D00292F18;
			remoteInfo = 554052_ZorgVoorHetHart;
		};
/* End PBXContainerItemProxy section */

/* Begin PBXFileReference section */
		0F76220C454CE6410E9C36C9 /* Pods-554052_ZorgVoorHetHart.debug.xcconfig */ = {isa = PBXFileReference; includeInIndex = 1; lastKnownFileType = text.xcconfig; name = "Pods-554052_ZorgVoorHetHart.debug.xcconfig"; path = "Pods/Target Support Files/Pods-554052_ZorgVoorHetHart/Pods-554052_ZorgVoorHetHart.debug.xcconfig"; sourceTree = "<group>"; };
		3A65B9ED38169E06E463E185 /* Pods-554052_ZorgVoorHetHartUITests.release.xcconfig */ = {isa = PBXFileReference; includeInIndex = 1; lastKnownFileType = text.xcconfig; name = "Pods-554052_ZorgVoorHetHartUITests.release.xcconfig"; path = "Pods/Target Support Files/Pods-554052_ZorgVoorHetHartUITests/Pods-554052_ZorgVoorHetHartUITests.release.xcconfig"; sourceTree = "<group>"; };
		6B5A51588CB190E62BAD77D9 /* Pods_554052_ZorgVoorHetHartTests.framework */ = {isa = PBXFileReference; explicitFileType = wrapper.framework; includeInIndex = 0; path = Pods_554052_ZorgVoorHetHartTests.framework; sourceTree = BUILT_PRODUCTS_DIR; };
		853732A528248DCE53234453 /* Pods_554052_ZorgVoorHetHart.framework */ = {isa = PBXFileReference; explicitFileType = wrapper.framework; includeInIndex = 0; path = Pods_554052_ZorgVoorHetHart.framework; sourceTree = BUILT_PRODUCTS_DIR; };
		900239FD1FBC93A600DFCD23 /* UIColorExtension.swift */ = {isa = PBXFileReference; lastKnownFileType = sourcecode.swift; path = UIColorExtension.swift; sourceTree = "<group>"; };
		900239FF1FBC9EDC00DFCD23 /* MyLoginViewController.swift */ = {isa = PBXFileReference; lastKnownFileType = sourcecode.swift; path = MyLoginViewController.swift; sourceTree = "<group>"; };
		90023A011FBC9F8F00DFCD23 /* MyRegisterStep2ViewController.swift */ = {isa = PBXFileReference; lastKnownFileType = sourcecode.swift; path = MyRegisterStep2ViewController.swift; sourceTree = "<group>"; };
		90023A031FBC9FC600DFCD23 /* MyRegisterStep1ViewController.swift */ = {isa = PBXFileReference; lastKnownFileType = sourcecode.swift; path = MyRegisterStep1ViewController.swift; sourceTree = "<group>"; };
		90023A051FBCA9F100DFCD23 /* CheckboxHelper.swift */ = {isa = PBXFileReference; lastKnownFileType = sourcecode.swift; path = CheckboxHelper.swift; sourceTree = "<group>"; };
		90023A071FBCD0D000DFCD23 /* RadioButtonHelper.swift */ = {isa = PBXFileReference; lastKnownFileType = sourcecode.swift; path = RadioButtonHelper.swift; sourceTree = "<group>"; };
		90088C701FC3074E003997B9 /* MyMeasurementHomeViewController.swift */ = {isa = PBXFileReference; lastKnownFileType = sourcecode.swift; path = MyMeasurementHomeViewController.swift; sourceTree = "<group>"; };
		90088C751FC30870003997B9 /* MyTabBarController.swift */ = {isa = PBXFileReference; lastKnownFileType = sourcecode.swift; path = MyTabBarController.swift; sourceTree = "<group>"; };
		9029387F1FCA08D200785E17 /* MyNewMeasurementStep1ViewController.swift */ = {isa = PBXFileReference; lastKnownFileType = sourcecode.swift; path = MyNewMeasurementStep1ViewController.swift; sourceTree = "<group>"; };
		9065C5301FC22BDD00760062 /* MyRegisterFinishedViewController.swift */ = {isa = PBXFileReference; lastKnownFileType = sourcecode.swift; path = MyRegisterFinishedViewController.swift; sourceTree = "<group>"; };
		90812AF01FBA444D00292F18 /* 554052_ZorgVoorHetHart.app */ = {isa = PBXFileReference; explicitFileType = wrapper.application; includeInIndex = 0; path = 554052_ZorgVoorHetHart.app; sourceTree = BUILT_PRODUCTS_DIR; };
		90812AF31FBA444E00292F18 /* AppDelegate.swift */ = {isa = PBXFileReference; lastKnownFileType = sourcecode.swift; path = AppDelegate.swift; sourceTree = "<group>"; };
		90812AF81FBA444E00292F18 /* Base */ = {isa = PBXFileReference; lastKnownFileType = file.storyboard; name = Base; path = Base.lproj/Main.storyboard; sourceTree = "<group>"; };
		90812AFA1FBA444E00292F18 /* Assets.xcassets */ = {isa = PBXFileReference; lastKnownFileType = folder.assetcatalog; path = Assets.xcassets; sourceTree = "<group>"; };
		90812AFD1FBA444E00292F18 /* Base */ = {isa = PBXFileReference; lastKnownFileType = file.storyboard; name = Base; path = Base.lproj/LaunchScreen.storyboard; sourceTree = "<group>"; };
		90812AFF1FBA444E00292F18 /* Info.plist */ = {isa = PBXFileReference; lastKnownFileType = text.plist.xml; path = Info.plist; sourceTree = "<group>"; };
		90812B041FBA444E00292F18 /* 554052_ZorgVoorHetHartTests.xctest */ = {isa = PBXFileReference; explicitFileType = wrapper.cfbundle; includeInIndex = 0; path = 554052_ZorgVoorHetHartTests.xctest; sourceTree = BUILT_PRODUCTS_DIR; };
		90812B081FBA444E00292F18 /* _54052_ZorgVoorHetHartTests.swift */ = {isa = PBXFileReference; lastKnownFileType = sourcecode.swift; path = _54052_ZorgVoorHetHartTests.swift; sourceTree = "<group>"; };
		90812B0A1FBA444E00292F18 /* Info.plist */ = {isa = PBXFileReference; lastKnownFileType = text.plist.xml; path = Info.plist; sourceTree = "<group>"; };
		90812B0F1FBA444E00292F18 /* 554052_ZorgVoorHetHartUITests.xctest */ = {isa = PBXFileReference; explicitFileType = wrapper.cfbundle; includeInIndex = 0; path = 554052_ZorgVoorHetHartUITests.xctest; sourceTree = BUILT_PRODUCTS_DIR; };
		90812B131FBA444E00292F18 /* _54052_ZorgVoorHetHartUITests.swift */ = {isa = PBXFileReference; lastKnownFileType = sourcecode.swift; path = _54052_ZorgVoorHetHartUITests.swift; sourceTree = "<group>"; };
		90812B151FBA444E00292F18 /* Info.plist */ = {isa = PBXFileReference; lastKnownFileType = text.plist.xml; path = Info.plist; sourceTree = "<group>"; };
		90812B271FBA56A900292F18 /* MyRegisterOrLoginViewController.swift */ = {isa = PBXFileReference; lastKnownFileType = sourcecode.swift; path = MyRegisterOrLoginViewController.swift; sourceTree = "<group>"; };
		90C953141FC743E9001FD3C2 /* MyMeasurementsDiaryHomeViewController.swift */ = {isa = PBXFileReference; lastKnownFileType = sourcecode.swift; path = MyMeasurementsDiaryHomeViewController.swift; sourceTree = "<group>"; };
		90C953161FC74454001FD3C2 /* MyContactHomeViewController.swift */ = {isa = PBXFileReference; lastKnownFileType = sourcecode.swift; path = MyContactHomeViewController.swift; sourceTree = "<group>"; };
		90C953181FC7447B001FD3C2 /* MyServiceHomeViewController.swift */ = {isa = PBXFileReference; lastKnownFileType = sourcecode.swift; path = MyServiceHomeViewController.swift; sourceTree = "<group>"; };
		9D5472F8D425C441EFAFD617 /* Pods-554052_ZorgVoorHetHartTests.debug.xcconfig */ = {isa = PBXFileReference; includeInIndex = 1; lastKnownFileType = text.xcconfig; name = "Pods-554052_ZorgVoorHetHartTests.debug.xcconfig"; path = "Pods/Target Support Files/Pods-554052_ZorgVoorHetHartTests/Pods-554052_ZorgVoorHetHartTests.debug.xcconfig"; sourceTree = "<group>"; };
		9FEEAB367736B44C3D9689C5 /* Pods-554052_ZorgVoorHetHartTests.release.xcconfig */ = {isa = PBXFileReference; includeInIndex = 1; lastKnownFileType = text.xcconfig; name = "Pods-554052_ZorgVoorHetHartTests.release.xcconfig"; path = "Pods/Target Support Files/Pods-554052_ZorgVoorHetHartTests/Pods-554052_ZorgVoorHetHartTests.release.xcconfig"; sourceTree = "<group>"; };
		A55F7962B3C5FCF06E8D7E1A /* Pods-554052_ZorgVoorHetHart.release.xcconfig */ = {isa = PBXFileReference; includeInIndex = 1; lastKnownFileType = text.xcconfig; name = "Pods-554052_ZorgVoorHetHart.release.xcconfig"; path = "Pods/Target Support Files/Pods-554052_ZorgVoorHetHart/Pods-554052_ZorgVoorHetHart.release.xcconfig"; sourceTree = "<group>"; };
		BCE7DB1D07DCBCE807F820BD /* Pods-554052_ZorgVoorHetHartUITests.debug.xcconfig */ = {isa = PBXFileReference; includeInIndex = 1; lastKnownFileType = text.xcconfig; name = "Pods-554052_ZorgVoorHetHartUITests.debug.xcconfig"; path = "Pods/Target Support Files/Pods-554052_ZorgVoorHetHartUITests/Pods-554052_ZorgVoorHetHartUITests.debug.xcconfig"; sourceTree = "<group>"; };
		BE40E8BA03BF932D40C8FCF7 /* Pods_554052_ZorgVoorHetHartUITests.framework */ = {isa = PBXFileReference; explicitFileType = wrapper.framework; includeInIndex = 0; path = Pods_554052_ZorgVoorHetHartUITests.framework; sourceTree = BUILT_PRODUCTS_DIR; };
/* End PBXFileReference section */

/* Begin PBXFrameworksBuildPhase section */
		90812AED1FBA444D00292F18 /* Frameworks */ = {
			isa = PBXFrameworksBuildPhase;
			buildActionMask = 2147483647;
			files = (
				438D38075D222C443F3BD6CA /* Pods_554052_ZorgVoorHetHart.framework in Frameworks */,
			);
			runOnlyForDeploymentPostprocessing = 0;
		};
		90812B011FBA444E00292F18 /* Frameworks */ = {
			isa = PBXFrameworksBuildPhase;
			buildActionMask = 2147483647;
			files = (
				EB76D1458FA2DFF0F6AAF29F /* Pods_554052_ZorgVoorHetHartTests.framework in Frameworks */,
			);
			runOnlyForDeploymentPostprocessing = 0;
		};
		90812B0C1FBA444E00292F18 /* Frameworks */ = {
			isa = PBXFrameworksBuildPhase;
			buildActionMask = 2147483647;
			files = (
				D3AC3ACF9E3F96F9BED59469 /* Pods_554052_ZorgVoorHetHartUITests.framework in Frameworks */,
			);
			runOnlyForDeploymentPostprocessing = 0;
		};
/* End PBXFrameworksBuildPhase section */

/* Begin PBXGroup section */
		46D246E2E32DDBEDD534065A /* Frameworks */ = {
			isa = PBXGroup;
			children = (
				853732A528248DCE53234453 /* Pods_554052_ZorgVoorHetHart.framework */,
				6B5A51588CB190E62BAD77D9 /* Pods_554052_ZorgVoorHetHartTests.framework */,
				BE40E8BA03BF932D40C8FCF7 /* Pods_554052_ZorgVoorHetHartUITests.framework */,
			);
			name = Frameworks;
			sourceTree = "<group>";
		};
		90088C6E1FC3061A003997B9 /* Account */ = {
			isa = PBXGroup;
			children = (
				90812B271FBA56A900292F18 /* MyRegisterOrLoginViewController.swift */,
				90023A031FBC9FC600DFCD23 /* MyRegisterStep1ViewController.swift */,
				90023A011FBC9F8F00DFCD23 /* MyRegisterStep2ViewController.swift */,
				9065C5301FC22BDD00760062 /* MyRegisterFinishedViewController.swift */,
				900239FF1FBC9EDC00DFCD23 /* MyLoginViewController.swift */,
			);
			path = Account;
			sourceTree = "<group>";
		};
		90088C6F1FC30687003997B9 /* Measurements */ = {
			isa = PBXGroup;
			children = (
				90088C701FC3074E003997B9 /* MyMeasurementHomeViewController.swift */,
				9029387F1FCA08D200785E17 /* MyNewMeasurementStep1ViewController.swift */,
			);
			path = Measurements;
			sourceTree = "<group>";
		};
		90088C721FC30768003997B9 /* MeasurementsDiary */ = {
			isa = PBXGroup;
			children = (
				90C953141FC743E9001FD3C2 /* MyMeasurementsDiaryHomeViewController.swift */,
			);
			path = MeasurementsDiary;
			sourceTree = "<group>";
		};
		90088C731FC3078A003997B9 /* Contact */ = {
			isa = PBXGroup;
			children = (
				90C953161FC74454001FD3C2 /* MyContactHomeViewController.swift */,
			);
			path = Contact;
			sourceTree = "<group>";
		};
		90088C741FC30791003997B9 /* Service */ = {
			isa = PBXGroup;
			children = (
				90C953181FC7447B001FD3C2 /* MyServiceHomeViewController.swift */,
			);
			path = Service;
			sourceTree = "<group>";
		};
		90812AE71FBA444D00292F18 = {
			isa = PBXGroup;
			children = (
				90812AF21FBA444D00292F18 /* 554052_ZorgVoorHetHart */,
				90812B071FBA444E00292F18 /* 554052_ZorgVoorHetHartTests */,
				90812B121FBA444E00292F18 /* 554052_ZorgVoorHetHartUITests */,
				90812AF11FBA444D00292F18 /* Products */,
				C0EA46A70F94F074CDA5D343 /* Pods */,
				46D246E2E32DDBEDD534065A /* Frameworks */,
			);
			sourceTree = "<group>";
		};
		90812AF11FBA444D00292F18 /* Products */ = {
			isa = PBXGroup;
			children = (
				90812AF01FBA444D00292F18 /* 554052_ZorgVoorHetHart.app */,
				90812B041FBA444E00292F18 /* 554052_ZorgVoorHetHartTests.xctest */,
				90812B0F1FBA444E00292F18 /* 554052_ZorgVoorHetHartUITests.xctest */,
			);
			name = Products;
			sourceTree = "<group>";
		};
		90812AF21FBA444D00292F18 /* 554052_ZorgVoorHetHart */ = {
			isa = PBXGroup;
			children = (
				90812B291FBA5A1500292F18 /* Extensions */,
				90812B241FBA539900292F18 /* Services */,
				90812B231FBA539000292F18 /* Models */,
				90812B221FBA538600292F18 /* Helpers */,
				90812B211FBA537000292F18 /* ViewControllers */,
				90812AF31FBA444E00292F18 /* AppDelegate.swift */,
				90812AF71FBA444E00292F18 /* Main.storyboard */,
				90812AFA1FBA444E00292F18 /* Assets.xcassets */,
				90812AFC1FBA444E00292F18 /* LaunchScreen.storyboard */,
				90812AFF1FBA444E00292F18 /* Info.plist */,
			);
			path = 554052_ZorgVoorHetHart;
			sourceTree = "<group>";
		};
		90812B071FBA444E00292F18 /* 554052_ZorgVoorHetHartTests */ = {
			isa = PBXGroup;
			children = (
				90812B081FBA444E00292F18 /* _54052_ZorgVoorHetHartTests.swift */,
				90812B0A1FBA444E00292F18 /* Info.plist */,
			);
			path = 554052_ZorgVoorHetHartTests;
			sourceTree = "<group>";
		};
		90812B121FBA444E00292F18 /* 554052_ZorgVoorHetHartUITests */ = {
			isa = PBXGroup;
			children = (
				90812B131FBA444E00292F18 /* _54052_ZorgVoorHetHartUITests.swift */,
				90812B151FBA444E00292F18 /* Info.plist */,
			);
			path = 554052_ZorgVoorHetHartUITests;
			sourceTree = "<group>";
		};
		90812B211FBA537000292F18 /* ViewControllers */ = {
			isa = PBXGroup;
			children = (
				90088C751FC30870003997B9 /* MyTabBarController.swift */,
				90088C6E1FC3061A003997B9 /* Account */,
				90088C6F1FC30687003997B9 /* Measurements */,
				90088C721FC30768003997B9 /* MeasurementsDiary */,
				90088C731FC3078A003997B9 /* Contact */,
				90088C741FC30791003997B9 /* Service */,
			);
			path = ViewControllers;
			sourceTree = "<group>";
		};
		90812B221FBA538600292F18 /* Helpers */ = {
			isa = PBXGroup;
			children = (
				90023A051FBCA9F100DFCD23 /* CheckboxHelper.swift */,
				90023A071FBCD0D000DFCD23 /* RadioButtonHelper.swift */,
			);
			path = Helpers;
			sourceTree = "<group>";
		};
		90812B231FBA539000292F18 /* Models */ = {
			isa = PBXGroup;
			children = (
			);
			path = Models;
			sourceTree = "<group>";
		};
		90812B241FBA539900292F18 /* Services */ = {
			isa = PBXGroup;
			children = (
			);
			path = Services;
			sourceTree = "<group>";
		};
		90812B291FBA5A1500292F18 /* Extensions */ = {
			isa = PBXGroup;
			children = (
				900239FD1FBC93A600DFCD23 /* UIColorExtension.swift */,
			);
			path = Extensions;
			sourceTree = "<group>";
		};
		C0EA46A70F94F074CDA5D343 /* Pods */ = {
			isa = PBXGroup;
			children = (
				0F76220C454CE6410E9C36C9 /* Pods-554052_ZorgVoorHetHart.debug.xcconfig */,
				A55F7962B3C5FCF06E8D7E1A /* Pods-554052_ZorgVoorHetHart.release.xcconfig */,
				9D5472F8D425C441EFAFD617 /* Pods-554052_ZorgVoorHetHartTests.debug.xcconfig */,
				9FEEAB367736B44C3D9689C5 /* Pods-554052_ZorgVoorHetHartTests.release.xcconfig */,
				BCE7DB1D07DCBCE807F820BD /* Pods-554052_ZorgVoorHetHartUITests.debug.xcconfig */,
				3A65B9ED38169E06E463E185 /* Pods-554052_ZorgVoorHetHartUITests.release.xcconfig */,
			);
			name = Pods;
			sourceTree = "<group>";
		};
/* End PBXGroup section */

/* Begin PBXNativeTarget section */
		90812AEF1FBA444D00292F18 /* 554052_ZorgVoorHetHart */ = {
			isa = PBXNativeTarget;
			buildConfigurationList = 90812B181FBA444E00292F18 /* Build configuration list for PBXNativeTarget "554052_ZorgVoorHetHart" */;
			buildPhases = (
				C6F27BC548B9B0FEC43BBA42 /* [CP] Check Pods Manifest.lock */,
				90812AEC1FBA444D00292F18 /* Sources */,
				90812AED1FBA444D00292F18 /* Frameworks */,
				90812AEE1FBA444D00292F18 /* Resources */,
				9A43C0047D7580BA3F0330EB /* [CP] Embed Pods Frameworks */,
				1F8E34C22F453444B21D2A9C /* [CP] Copy Pods Resources */,
			);
			buildRules = (
			);
			dependencies = (
			);
			name = 554052_ZorgVoorHetHart;
			productName = 554052_ZorgVoorHetHart;
			productReference = 90812AF01FBA444D00292F18 /* 554052_ZorgVoorHetHart.app */;
			productType = "com.apple.product-type.application";
		};
		90812B031FBA444E00292F18 /* 554052_ZorgVoorHetHartTests */ = {
			isa = PBXNativeTarget;
			buildConfigurationList = 90812B1B1FBA444E00292F18 /* Build configuration list for PBXNativeTarget "554052_ZorgVoorHetHartTests" */;
			buildPhases = (
				DB89AE5E115754AB402FC994 /* [CP] Check Pods Manifest.lock */,
				90812B001FBA444E00292F18 /* Sources */,
				90812B011FBA444E00292F18 /* Frameworks */,
				90812B021FBA444E00292F18 /* Resources */,
				1D98C84B4B164FAD08456CE1 /* [CP] Embed Pods Frameworks */,
				6D69E45C5D3A0B686C5B15B4 /* [CP] Copy Pods Resources */,
			);
			buildRules = (
			);
			dependencies = (
				90812B061FBA444E00292F18 /* PBXTargetDependency */,
			);
			name = 554052_ZorgVoorHetHartTests;
			productName = 554052_ZorgVoorHetHartTests;
			productReference = 90812B041FBA444E00292F18 /* 554052_ZorgVoorHetHartTests.xctest */;
			productType = "com.apple.product-type.bundle.unit-test";
		};
		90812B0E1FBA444E00292F18 /* 554052_ZorgVoorHetHartUITests */ = {
			isa = PBXNativeTarget;
			buildConfigurationList = 90812B1E1FBA444E00292F18 /* Build configuration list for PBXNativeTarget "554052_ZorgVoorHetHartUITests" */;
			buildPhases = (
				8DEEC96D247412AE692C5E0D /* [CP] Check Pods Manifest.lock */,
				90812B0B1FBA444E00292F18 /* Sources */,
				90812B0C1FBA444E00292F18 /* Frameworks */,
				90812B0D1FBA444E00292F18 /* Resources */,
				25252473FE81A12ECFC01333 /* [CP] Embed Pods Frameworks */,
				1F5D27B800ACD4571D99C29A /* [CP] Copy Pods Resources */,
			);
			buildRules = (
			);
			dependencies = (
				90812B111FBA444E00292F18 /* PBXTargetDependency */,
			);
			name = 554052_ZorgVoorHetHartUITests;
			productName = 554052_ZorgVoorHetHartUITests;
			productReference = 90812B0F1FBA444E00292F18 /* 554052_ZorgVoorHetHartUITests.xctest */;
			productType = "com.apple.product-type.bundle.ui-testing";
		};
/* End PBXNativeTarget section */

/* Begin PBXProject section */
		90812AE81FBA444D00292F18 /* Project object */ = {
			isa = PBXProject;
			attributes = {
				LastSwiftUpdateCheck = 0910;
				LastUpgradeCheck = 0910;
				ORGANIZATIONNAME = "Jeroen Roos";
				TargetAttributes = {
					90812AEF1FBA444D00292F18 = {
						CreatedOnToolsVersion = 9.1;
						ProvisioningStyle = Automatic;
					};
					90812B031FBA444E00292F18 = {
						CreatedOnToolsVersion = 9.1;
						ProvisioningStyle = Automatic;
						TestTargetID = 90812AEF1FBA444D00292F18;
					};
					90812B0E1FBA444E00292F18 = {
						CreatedOnToolsVersion = 9.1;
						ProvisioningStyle = Automatic;
						TestTargetID = 90812AEF1FBA444D00292F18;
					};
				};
			};
			buildConfigurationList = 90812AEB1FBA444D00292F18 /* Build configuration list for PBXProject "554052_ZorgVoorHetHart" */;
			compatibilityVersion = "Xcode 8.0";
			developmentRegion = en;
			hasScannedForEncodings = 0;
			knownRegions = (
				en,
				Base,
			);
			mainGroup = 90812AE71FBA444D00292F18;
			productRefGroup = 90812AF11FBA444D00292F18 /* Products */;
			projectDirPath = "";
			projectRoot = "";
			targets = (
				90812AEF1FBA444D00292F18 /* 554052_ZorgVoorHetHart */,
				90812B031FBA444E00292F18 /* 554052_ZorgVoorHetHartTests */,
				90812B0E1FBA444E00292F18 /* 554052_ZorgVoorHetHartUITests */,
			);
		};
/* End PBXProject section */

/* Begin PBXResourcesBuildPhase section */
		90812AEE1FBA444D00292F18 /* Resources */ = {
			isa = PBXResourcesBuildPhase;
			buildActionMask = 2147483647;
			files = (
				90812AFE1FBA444E00292F18 /* LaunchScreen.storyboard in Resources */,
				90812AFB1FBA444E00292F18 /* Assets.xcassets in Resources */,
				90812AF91FBA444E00292F18 /* Main.storyboard in Resources */,
			);
			runOnlyForDeploymentPostprocessing = 0;
		};
		90812B021FBA444E00292F18 /* Resources */ = {
			isa = PBXResourcesBuildPhase;
			buildActionMask = 2147483647;
			files = (
			);
			runOnlyForDeploymentPostprocessing = 0;
		};
		90812B0D1FBA444E00292F18 /* Resources */ = {
			isa = PBXResourcesBuildPhase;
			buildActionMask = 2147483647;
			files = (
			);
			runOnlyForDeploymentPostprocessing = 0;
		};
/* End PBXResourcesBuildPhase section */

/* Begin PBXShellScriptBuildPhase section */
		1D98C84B4B164FAD08456CE1 /* [CP] Embed Pods Frameworks */ = {
			isa = PBXShellScriptBuildPhase;
			buildActionMask = 2147483647;
			files = (
			);
			inputPaths = (
			);
			name = "[CP] Embed Pods Frameworks";
			outputPaths = (
			);
			runOnlyForDeploymentPostprocessing = 0;
			shellPath = /bin/sh;
			shellScript = "\"${SRCROOT}/Pods/Target Support Files/Pods-554052_ZorgVoorHetHartTests/Pods-554052_ZorgVoorHetHartTests-frameworks.sh\"\n";
			showEnvVarsInLog = 0;
		};
		1F5D27B800ACD4571D99C29A /* [CP] Copy Pods Resources */ = {
			isa = PBXShellScriptBuildPhase;
			buildActionMask = 2147483647;
			files = (
			);
			inputPaths = (
			);
			name = "[CP] Copy Pods Resources";
			outputPaths = (
			);
			runOnlyForDeploymentPostprocessing = 0;
			shellPath = /bin/sh;
			shellScript = "\"${SRCROOT}/Pods/Target Support Files/Pods-554052_ZorgVoorHetHartUITests/Pods-554052_ZorgVoorHetHartUITests-resources.sh\"\n";
			showEnvVarsInLog = 0;
		};
		1F8E34C22F453444B21D2A9C /* [CP] Copy Pods Resources */ = {
			isa = PBXShellScriptBuildPhase;
			buildActionMask = 2147483647;
			files = (
			);
			inputPaths = (
			);
			name = "[CP] Copy Pods Resources";
			outputPaths = (
			);
			runOnlyForDeploymentPostprocessing = 0;
			shellPath = /bin/sh;
			shellScript = "\"${SRCROOT}/Pods/Target Support Files/Pods-554052_ZorgVoorHetHart/Pods-554052_ZorgVoorHetHart-resources.sh\"\n";
			showEnvVarsInLog = 0;
		};
		25252473FE81A12ECFC01333 /* [CP] Embed Pods Frameworks */ = {
			isa = PBXShellScriptBuildPhase;
			buildActionMask = 2147483647;
			files = (
			);
			inputPaths = (
			);
			name = "[CP] Embed Pods Frameworks";
			outputPaths = (
			);
			runOnlyForDeploymentPostprocessing = 0;
			shellPath = /bin/sh;
			shellScript = "\"${SRCROOT}/Pods/Target Support Files/Pods-554052_ZorgVoorHetHartUITests/Pods-554052_ZorgVoorHetHartUITests-frameworks.sh\"\n";
			showEnvVarsInLog = 0;
		};
		6D69E45C5D3A0B686C5B15B4 /* [CP] Copy Pods Resources */ = {
			isa = PBXShellScriptBuildPhase;
			buildActionMask = 2147483647;
			files = (
			);
			inputPaths = (
			);
			name = "[CP] Copy Pods Resources";
			outputPaths = (
			);
			runOnlyForDeploymentPostprocessing = 0;
			shellPath = /bin/sh;
			shellScript = "\"${SRCROOT}/Pods/Target Support Files/Pods-554052_ZorgVoorHetHartTests/Pods-554052_ZorgVoorHetHartTests-resources.sh\"\n";
			showEnvVarsInLog = 0;
		};
		8DEEC96D247412AE692C5E0D /* [CP] Check Pods Manifest.lock */ = {
			isa = PBXShellScriptBuildPhase;
			buildActionMask = 2147483647;
			files = (
			);
			inputPaths = (
				"${PODS_PODFILE_DIR_PATH}/Podfile.lock",
				"${PODS_ROOT}/Manifest.lock",
			);
			name = "[CP] Check Pods Manifest.lock";
			outputPaths = (
				"$(DERIVED_FILE_DIR)/Pods-554052_ZorgVoorHetHartUITests-checkManifestLockResult.txt",
			);
			runOnlyForDeploymentPostprocessing = 0;
			shellPath = /bin/sh;
			shellScript = "diff \"${PODS_PODFILE_DIR_PATH}/Podfile.lock\" \"${PODS_ROOT}/Manifest.lock\" > /dev/null\nif [ $? != 0 ] ; then\n    # print error to STDERR\n    echo \"error: The sandbox is not in sync with the Podfile.lock. Run 'pod install' or update your CocoaPods installation.\" >&2\n    exit 1\nfi\n# This output is used by Xcode 'outputs' to avoid re-running this script phase.\necho \"SUCCESS\" > \"${SCRIPT_OUTPUT_FILE_0}\"\n";
			showEnvVarsInLog = 0;
		};
		9A43C0047D7580BA3F0330EB /* [CP] Embed Pods Frameworks */ = {
			isa = PBXShellScriptBuildPhase;
			buildActionMask = 2147483647;
			files = (
			);
			inputPaths = (
				"${SRCROOT}/Pods/Target Support Files/Pods-554052_ZorgVoorHetHart/Pods-554052_ZorgVoorHetHart-frameworks.sh",
				"${BUILT_PRODUCTS_DIR}/DropDown/DropDown.framework",
			);
			name = "[CP] Embed Pods Frameworks";
			outputPaths = (
				"${TARGET_BUILD_DIR}/${FRAMEWORKS_FOLDER_PATH}/DropDown.framework",
			);
			runOnlyForDeploymentPostprocessing = 0;
			shellPath = /bin/sh;
			shellScript = "\"${SRCROOT}/Pods/Target Support Files/Pods-554052_ZorgVoorHetHart/Pods-554052_ZorgVoorHetHart-frameworks.sh\"\n";
			showEnvVarsInLog = 0;
		};
		C6F27BC548B9B0FEC43BBA42 /* [CP] Check Pods Manifest.lock */ = {
			isa = PBXShellScriptBuildPhase;
			buildActionMask = 2147483647;
			files = (
			);
			inputPaths = (
				"${PODS_PODFILE_DIR_PATH}/Podfile.lock",
				"${PODS_ROOT}/Manifest.lock",
			);
			name = "[CP] Check Pods Manifest.lock";
			outputPaths = (
				"$(DERIVED_FILE_DIR)/Pods-554052_ZorgVoorHetHart-checkManifestLockResult.txt",
			);
			runOnlyForDeploymentPostprocessing = 0;
			shellPath = /bin/sh;
			shellScript = "diff \"${PODS_PODFILE_DIR_PATH}/Podfile.lock\" \"${PODS_ROOT}/Manifest.lock\" > /dev/null\nif [ $? != 0 ] ; then\n    # print error to STDERR\n    echo \"error: The sandbox is not in sync with the Podfile.lock. Run 'pod install' or update your CocoaPods installation.\" >&2\n    exit 1\nfi\n# This output is used by Xcode 'outputs' to avoid re-running this script phase.\necho \"SUCCESS\" > \"${SCRIPT_OUTPUT_FILE_0}\"\n";
			showEnvVarsInLog = 0;
		};
		DB89AE5E115754AB402FC994 /* [CP] Check Pods Manifest.lock */ = {
			isa = PBXShellScriptBuildPhase;
			buildActionMask = 2147483647;
			files = (
			);
			inputPaths = (
				"${PODS_PODFILE_DIR_PATH}/Podfile.lock",
				"${PODS_ROOT}/Manifest.lock",
			);
			name = "[CP] Check Pods Manifest.lock";
			outputPaths = (
				"$(DERIVED_FILE_DIR)/Pods-554052_ZorgVoorHetHartTests-checkManifestLockResult.txt",
			);
			runOnlyForDeploymentPostprocessing = 0;
			shellPath = /bin/sh;
			shellScript = "diff \"${PODS_PODFILE_DIR_PATH}/Podfile.lock\" \"${PODS_ROOT}/Manifest.lock\" > /dev/null\nif [ $? != 0 ] ; then\n    # print error to STDERR\n    echo \"error: The sandbox is not in sync with the Podfile.lock. Run 'pod install' or update your CocoaPods installation.\" >&2\n    exit 1\nfi\n# This output is used by Xcode 'outputs' to avoid re-running this script phase.\necho \"SUCCESS\" > \"${SCRIPT_OUTPUT_FILE_0}\"\n";
			showEnvVarsInLog = 0;
		};
/* End PBXShellScriptBuildPhase section */

/* Begin PBXSourcesBuildPhase section */
		90812AEC1FBA444D00292F18 /* Sources */ = {
			isa = PBXSourcesBuildPhase;
			buildActionMask = 2147483647;
			files = (
				90088C711FC3074E003997B9 /* MyMeasurementHomeViewController.swift in Sources */,
				90C953191FC7447B001FD3C2 /* MyServiceHomeViewController.swift in Sources */,
				90812AF41FBA444E00292F18 /* AppDelegate.swift in Sources */,
				90088C761FC30870003997B9 /* MyTabBarController.swift in Sources */,
				902938801FCA08D200785E17 /* MyNewMeasurementStep1ViewController.swift in Sources */,
				90812B281FBA56A900292F18 /* MyRegisterOrLoginViewController.swift in Sources */,
				90023A061FBCA9F100DFCD23 /* CheckboxHelper.swift in Sources */,
				900239FE1FBC93A600DFCD23 /* UIColorExtension.swift in Sources */,
				90C953151FC743EA001FD3C2 /* MyMeasurementsDiaryHomeViewController.swift in Sources */,
				90023A041FBC9FC700DFCD23 /* MyRegisterStep1ViewController.swift in Sources */,
				90023A081FBCD0D000DFCD23 /* RadioButtonHelper.swift in Sources */,
				9065C5311FC22BDD00760062 /* MyRegisterFinishedViewController.swift in Sources */,
				90C953171FC74454001FD3C2 /* MyContactHomeViewController.swift in Sources */,
				90023A021FBC9F8F00DFCD23 /* MyRegisterStep2ViewController.swift in Sources */,
				90023A001FBC9EDC00DFCD23 /* MyLoginViewController.swift in Sources */,
			);
			runOnlyForDeploymentPostprocessing = 0;
		};
		90812B001FBA444E00292F18 /* Sources */ = {
			isa = PBXSourcesBuildPhase;
			buildActionMask = 2147483647;
			files = (
				90812B091FBA444E00292F18 /* _54052_ZorgVoorHetHartTests.swift in Sources */,
			);
			runOnlyForDeploymentPostprocessing = 0;
		};
		90812B0B1FBA444E00292F18 /* Sources */ = {
			isa = PBXSourcesBuildPhase;
			buildActionMask = 2147483647;
			files = (
				90812B141FBA444E00292F18 /* _54052_ZorgVoorHetHartUITests.swift in Sources */,
			);
			runOnlyForDeploymentPostprocessing = 0;
		};
/* End PBXSourcesBuildPhase section */

/* Begin PBXTargetDependency section */
		90812B061FBA444E00292F18 /* PBXTargetDependency */ = {
			isa = PBXTargetDependency;
			target = 90812AEF1FBA444D00292F18 /* 554052_ZorgVoorHetHart */;
			targetProxy = 90812B051FBA444E00292F18 /* PBXContainerItemProxy */;
		};
		90812B111FBA444E00292F18 /* PBXTargetDependency */ = {
			isa = PBXTargetDependency;
			target = 90812AEF1FBA444D00292F18 /* 554052_ZorgVoorHetHart */;
			targetProxy = 90812B101FBA444E00292F18 /* PBXContainerItemProxy */;
		};
/* End PBXTargetDependency section */

/* Begin PBXVariantGroup section */
		90812AF71FBA444E00292F18 /* Main.storyboard */ = {
			isa = PBXVariantGroup;
			children = (
				90812AF81FBA444E00292F18 /* Base */,
			);
			name = Main.storyboard;
			sourceTree = "<group>";
		};
		90812AFC1FBA444E00292F18 /* LaunchScreen.storyboard */ = {
			isa = PBXVariantGroup;
			children = (
				90812AFD1FBA444E00292F18 /* Base */,
			);
			name = LaunchScreen.storyboard;
			sourceTree = "<group>";
		};
/* End PBXVariantGroup section */

/* Begin XCBuildConfiguration section */
		90812B161FBA444E00292F18 /* Debug */ = {
			isa = XCBuildConfiguration;
			buildSettings = {
				ALWAYS_SEARCH_USER_PATHS = NO;
				CLANG_ANALYZER_NONNULL = YES;
				CLANG_ANALYZER_NUMBER_OBJECT_CONVERSION = YES_AGGRESSIVE;
				CLANG_CXX_LANGUAGE_STANDARD = "gnu++14";
				CLANG_CXX_LIBRARY = "libc++";
				CLANG_ENABLE_MODULES = YES;
				CLANG_ENABLE_OBJC_ARC = YES;
				CLANG_WARN_BLOCK_CAPTURE_AUTORELEASING = YES;
				CLANG_WARN_BOOL_CONVERSION = YES;
				CLANG_WARN_COMMA = YES;
				CLANG_WARN_CONSTANT_CONVERSION = YES;
				CLANG_WARN_DIRECT_OBJC_ISA_USAGE = YES_ERROR;
				CLANG_WARN_DOCUMENTATION_COMMENTS = YES;
				CLANG_WARN_EMPTY_BODY = YES;
				CLANG_WARN_ENUM_CONVERSION = YES;
				CLANG_WARN_INFINITE_RECURSION = YES;
				CLANG_WARN_INT_CONVERSION = YES;
				CLANG_WARN_NON_LITERAL_NULL_CONVERSION = YES;
				CLANG_WARN_OBJC_LITERAL_CONVERSION = YES;
				CLANG_WARN_OBJC_ROOT_CLASS = YES_ERROR;
				CLANG_WARN_RANGE_LOOP_ANALYSIS = YES;
				CLANG_WARN_STRICT_PROTOTYPES = YES;
				CLANG_WARN_SUSPICIOUS_MOVE = YES;
				CLANG_WARN_UNGUARDED_AVAILABILITY = YES_AGGRESSIVE;
				CLANG_WARN_UNREACHABLE_CODE = YES;
				CLANG_WARN__DUPLICATE_METHOD_MATCH = YES;
				CODE_SIGN_IDENTITY = "iPhone Developer";
				COPY_PHASE_STRIP = NO;
				DEBUG_INFORMATION_FORMAT = dwarf;
				ENABLE_STRICT_OBJC_MSGSEND = YES;
				ENABLE_TESTABILITY = YES;
				GCC_C_LANGUAGE_STANDARD = gnu11;
				GCC_DYNAMIC_NO_PIC = NO;
				GCC_NO_COMMON_BLOCKS = YES;
				GCC_OPTIMIZATION_LEVEL = 0;
				GCC_PREPROCESSOR_DEFINITIONS = (
					"DEBUG=1",
					"$(inherited)",
				);
				GCC_WARN_64_TO_32_BIT_CONVERSION = YES;
				GCC_WARN_ABOUT_RETURN_TYPE = YES_ERROR;
				GCC_WARN_UNDECLARED_SELECTOR = YES;
				GCC_WARN_UNINITIALIZED_AUTOS = YES_AGGRESSIVE;
				GCC_WARN_UNUSED_FUNCTION = YES;
				GCC_WARN_UNUSED_VARIABLE = YES;
				IPHONEOS_DEPLOYMENT_TARGET = 11.1;
				MTL_ENABLE_DEBUG_INFO = YES;
				ONLY_ACTIVE_ARCH = YES;
				SDKROOT = iphoneos;
				SWIFT_ACTIVE_COMPILATION_CONDITIONS = DEBUG;
				SWIFT_OPTIMIZATION_LEVEL = "-Onone";
			};
			name = Debug;
		};
		90812B171FBA444E00292F18 /* Release */ = {
			isa = XCBuildConfiguration;
			buildSettings = {
				ALWAYS_SEARCH_USER_PATHS = NO;
				CLANG_ANALYZER_NONNULL = YES;
				CLANG_ANALYZER_NUMBER_OBJECT_CONVERSION = YES_AGGRESSIVE;
				CLANG_CXX_LANGUAGE_STANDARD = "gnu++14";
				CLANG_CXX_LIBRARY = "libc++";
				CLANG_ENABLE_MODULES = YES;
				CLANG_ENABLE_OBJC_ARC = YES;
				CLANG_WARN_BLOCK_CAPTURE_AUTORELEASING = YES;
				CLANG_WARN_BOOL_CONVERSION = YES;
				CLANG_WARN_COMMA = YES;
				CLANG_WARN_CONSTANT_CONVERSION = YES;
				CLANG_WARN_DIRECT_OBJC_ISA_USAGE = YES_ERROR;
				CLANG_WARN_DOCUMENTATION_COMMENTS = YES;
				CLANG_WARN_EMPTY_BODY = YES;
				CLANG_WARN_ENUM_CONVERSION = YES;
				CLANG_WARN_INFINITE_RECURSION = YES;
				CLANG_WARN_INT_CONVERSION = YES;
				CLANG_WARN_NON_LITERAL_NULL_CONVERSION = YES;
				CLANG_WARN_OBJC_LITERAL_CONVERSION = YES;
				CLANG_WARN_OBJC_ROOT_CLASS = YES_ERROR;
				CLANG_WARN_RANGE_LOOP_ANALYSIS = YES;
				CLANG_WARN_STRICT_PROTOTYPES = YES;
				CLANG_WARN_SUSPICIOUS_MOVE = YES;
				CLANG_WARN_UNGUARDED_AVAILABILITY = YES_AGGRESSIVE;
				CLANG_WARN_UNREACHABLE_CODE = YES;
				CLANG_WARN__DUPLICATE_METHOD_MATCH = YES;
				CODE_SIGN_IDENTITY = "iPhone Developer";
				COPY_PHASE_STRIP = NO;
				DEBUG_INFORMATION_FORMAT = "dwarf-with-dsym";
				ENABLE_NS_ASSERTIONS = NO;
				ENABLE_STRICT_OBJC_MSGSEND = YES;
				GCC_C_LANGUAGE_STANDARD = gnu11;
				GCC_NO_COMMON_BLOCKS = YES;
				GCC_WARN_64_TO_32_BIT_CONVERSION = YES;
				GCC_WARN_ABOUT_RETURN_TYPE = YES_ERROR;
				GCC_WARN_UNDECLARED_SELECTOR = YES;
				GCC_WARN_UNINITIALIZED_AUTOS = YES_AGGRESSIVE;
				GCC_WARN_UNUSED_FUNCTION = YES;
				GCC_WARN_UNUSED_VARIABLE = YES;
				IPHONEOS_DEPLOYMENT_TARGET = 11.1;
				MTL_ENABLE_DEBUG_INFO = NO;
				SDKROOT = iphoneos;
				SWIFT_OPTIMIZATION_LEVEL = "-Owholemodule";
				VALIDATE_PRODUCT = YES;
			};
			name = Release;
		};
		90812B191FBA444E00292F18 /* Debug */ = {
			isa = XCBuildConfiguration;
			baseConfigurationReference = 0F76220C454CE6410E9C36C9 /* Pods-554052_ZorgVoorHetHart.debug.xcconfig */;
			buildSettings = {
				ASSETCATALOG_COMPILER_APPICON_NAME = AppIcon;
				CODE_SIGN_STYLE = Automatic;
				FRAMEWORK_SEARCH_PATHS = "$(inherited)";
				INFOPLIST_FILE = 554052_ZorgVoorHetHart/Info.plist;
				LD_RUNPATH_SEARCH_PATHS = "$(inherited) @executable_path/Frameworks";
				PRODUCT_BUNDLE_IDENTIFIER = "nl.inholland.-54052-ZorgVoorHetHart";
				PRODUCT_NAME = "$(TARGET_NAME)";
				SWIFT_VERSION = 4.0;
				TARGETED_DEVICE_FAMILY = "1,2";
			};
			name = Debug;
		};
		90812B1A1FBA444E00292F18 /* Release */ = {
			isa = XCBuildConfiguration;
			baseConfigurationReference = A55F7962B3C5FCF06E8D7E1A /* Pods-554052_ZorgVoorHetHart.release.xcconfig */;
			buildSettings = {
				ASSETCATALOG_COMPILER_APPICON_NAME = AppIcon;
				CODE_SIGN_STYLE = Automatic;
				FRAMEWORK_SEARCH_PATHS = "$(inherited)";
				INFOPLIST_FILE = 554052_ZorgVoorHetHart/Info.plist;
				LD_RUNPATH_SEARCH_PATHS = "$(inherited) @executable_path/Frameworks";
				PRODUCT_BUNDLE_IDENTIFIER = "nl.inholland.-54052-ZorgVoorHetHart";
				PRODUCT_NAME = "$(TARGET_NAME)";
				SWIFT_VERSION = 4.0;
				TARGETED_DEVICE_FAMILY = "1,2";
			};
			name = Release;
		};
		90812B1C1FBA444E00292F18 /* Debug */ = {
			isa = XCBuildConfiguration;
			baseConfigurationReference = 9D5472F8D425C441EFAFD617 /* Pods-554052_ZorgVoorHetHartTests.debug.xcconfig */;
			buildSettings = {
				ALWAYS_EMBED_SWIFT_STANDARD_LIBRARIES = YES;
				BUNDLE_LOADER = "$(TEST_HOST)";
				CODE_SIGN_STYLE = Automatic;
				FRAMEWORK_SEARCH_PATHS = "$(inherited)";
				INFOPLIST_FILE = 554052_ZorgVoorHetHartTests/Info.plist;
				LD_RUNPATH_SEARCH_PATHS = "$(inherited) @executable_path/Frameworks @loader_path/Frameworks";
				PRODUCT_BUNDLE_IDENTIFIER = "nl.inholland.-54052-ZorgVoorHetHartTests";
				PRODUCT_NAME = "$(TARGET_NAME)";
				SWIFT_VERSION = 4.0;
				TARGETED_DEVICE_FAMILY = "1,2";
				TEST_HOST = "$(BUILT_PRODUCTS_DIR)/554052_ZorgVoorHetHart.app/554052_ZorgVoorHetHart";
			};
			name = Debug;
		};
		90812B1D1FBA444E00292F18 /* Release */ = {
			isa = XCBuildConfiguration;
			baseConfigurationReference = 9FEEAB367736B44C3D9689C5 /* Pods-554052_ZorgVoorHetHartTests.release.xcconfig */;
			buildSettings = {
				ALWAYS_EMBED_SWIFT_STANDARD_LIBRARIES = YES;
				BUNDLE_LOADER = "$(TEST_HOST)";
				CODE_SIGN_STYLE = Automatic;
				FRAMEWORK_SEARCH_PATHS = "$(inherited)";
				INFOPLIST_FILE = 554052_ZorgVoorHetHartTests/Info.plist;
				LD_RUNPATH_SEARCH_PATHS = "$(inherited) @executable_path/Frameworks @loader_path/Frameworks";
				PRODUCT_BUNDLE_IDENTIFIER = "nl.inholland.-54052-ZorgVoorHetHartTests";
				PRODUCT_NAME = "$(TARGET_NAME)";
				SWIFT_VERSION = 4.0;
				TARGETED_DEVICE_FAMILY = "1,2";
				TEST_HOST = "$(BUILT_PRODUCTS_DIR)/554052_ZorgVoorHetHart.app/554052_ZorgVoorHetHart";
			};
			name = Release;
		};
		90812B1F1FBA444E00292F18 /* Debug */ = {
			isa = XCBuildConfiguration;
			baseConfigurationReference = BCE7DB1D07DCBCE807F820BD /* Pods-554052_ZorgVoorHetHartUITests.debug.xcconfig */;
			buildSettings = {
				ALWAYS_EMBED_SWIFT_STANDARD_LIBRARIES = YES;
				CODE_SIGN_STYLE = Automatic;
				FRAMEWORK_SEARCH_PATHS = "$(inherited)";
				INFOPLIST_FILE = 554052_ZorgVoorHetHartUITests/Info.plist;
				LD_RUNPATH_SEARCH_PATHS = "$(inherited) @executable_path/Frameworks @loader_path/Frameworks";
				PRODUCT_BUNDLE_IDENTIFIER = "nl.inholland.-54052-ZorgVoorHetHartUITests";
				PRODUCT_NAME = "$(TARGET_NAME)";
				SWIFT_VERSION = 4.0;
				TARGETED_DEVICE_FAMILY = "1,2";
				TEST_TARGET_NAME = 554052_ZorgVoorHetHart;
			};
			name = Debug;
		};
		90812B201FBA444E00292F18 /* Release */ = {
			isa = XCBuildConfiguration;
			baseConfigurationReference = 3A65B9ED38169E06E463E185 /* Pods-554052_ZorgVoorHetHartUITests.release.xcconfig */;
			buildSettings = {
				ALWAYS_EMBED_SWIFT_STANDARD_LIBRARIES = YES;
				CODE_SIGN_STYLE = Automatic;
				FRAMEWORK_SEARCH_PATHS = "$(inherited)";
				INFOPLIST_FILE = 554052_ZorgVoorHetHartUITests/Info.plist;
				LD_RUNPATH_SEARCH_PATHS = "$(inherited) @executable_path/Frameworks @loader_path/Frameworks";
				PRODUCT_BUNDLE_IDENTIFIER = "nl.inholland.-54052-ZorgVoorHetHartUITests";
				PRODUCT_NAME = "$(TARGET_NAME)";
				SWIFT_VERSION = 4.0;
				TARGETED_DEVICE_FAMILY = "1,2";
				TEST_TARGET_NAME = 554052_ZorgVoorHetHart;
			};
			name = Release;
		};
/* End XCBuildConfiguration section */

/* Begin XCConfigurationList section */
		90812AEB1FBA444D00292F18 /* Build configuration list for PBXProject "554052_ZorgVoorHetHart" */ = {
			isa = XCConfigurationList;
			buildConfigurations = (
				90812B161FBA444E00292F18 /* Debug */,
				90812B171FBA444E00292F18 /* Release */,
			);
			defaultConfigurationIsVisible = 0;
			defaultConfigurationName = Release;
		};
		90812B181FBA444E00292F18 /* Build configuration list for PBXNativeTarget "554052_ZorgVoorHetHart" */ = {
			isa = XCConfigurationList;
			buildConfigurations = (
				90812B191FBA444E00292F18 /* Debug */,
				90812B1A1FBA444E00292F18 /* Release */,
			);
			defaultConfigurationIsVisible = 0;
			defaultConfigurationName = Release;
		};
		90812B1B1FBA444E00292F18 /* Build configuration list for PBXNativeTarget "554052_ZorgVoorHetHartTests" */ = {
			isa = XCConfigurationList;
			buildConfigurations = (
				90812B1C1FBA444E00292F18 /* Debug */,
				90812B1D1FBA444E00292F18 /* Release */,
			);
			defaultConfigurationIsVisible = 0;
			defaultConfigurationName = Release;
		};
		90812B1E1FBA444E00292F18 /* Build configuration list for PBXNativeTarget "554052_ZorgVoorHetHartUITests" */ = {
			isa = XCConfigurationList;
			buildConfigurations = (
				90812B1F1FBA444E00292F18 /* Debug */,
				90812B201FBA444E00292F18 /* Release */,
			);
			defaultConfigurationIsVisible = 0;
			defaultConfigurationName = Release;
		};
/* End XCConfigurationList section */
	};
	rootObject = 90812AE81FBA444D00292F18 /* Project object */;
}
